
Microsoft Visual Studio Solution File, Format Version 12.00
# Visual Studio Version 17
VisualStudioVersion = 17.11.35327.3
MinimumVisualStudioVersion = 10.0.40219.1
Project("{2150E333-8FDC-42A3-9474-1A3956D46DE8}") = "src", "src", "{CBE28093-F90A-451D-A357-2E4DA70ACA4F}"
EndProject
Project("{9A19103F-16F7-4668-BE54-9A1E7A4F7556}") = "CustomerManager.Application", "CustomerManager.Application\CustomerManager.Application.csproj", "{C75258EF-D558-41C2-9621-E509003CA77F}"
EndProject
Project("{9A19103F-16F7-4668-BE54-9A1E7A4F7556}") = "CustomerManager.Domain", "CustomerManager.Domain\CustomerManager.Domain.csproj", "{F97FE72C-0914-4AC7-BD13-95997D1E25BF}"
EndProject
Project("{9A19103F-16F7-4668-BE54-9A1E7A4F7556}") = "CustomerManager.Infrastructure", "CustomerManager.Infrastructure\CustomerManager.Infrastructure.csproj", "{1D27972C-0019-402B-A1C6-615AD8B36F10}"
EndProject
Project("{9A19103F-16F7-4668-BE54-9A1E7A4F7556}") = "CustomerManager.Api", "CustomerManager.Api\CustomerManager.Api.csproj", "{35717D1B-3E2F-4348-B59E-F6534787EACC}"
EndProject
Global
	GlobalSection(SolutionConfigurationPlatforms) = preSolution
		Debug|Any CPU = Debug|Any CPU
		Release|Any CPU = Release|Any CPU
	EndGlobalSection
	GlobalSection(ProjectConfigurationPlatforms) = postSolution
		{C75258EF-D558-41C2-9621-E509003CA77F}.Debug|Any CPU.ActiveCfg = Debug|Any CPU
		{C75258EF-D558-41C2-9621-E509003CA77F}.Debug|Any CPU.Build.0 = Debug|Any CPU
		{C75258EF-D558-41C2-9621-E509003CA77F}.Release|Any CPU.ActiveCfg = Release|Any CPU
		{C75258EF-D558-41C2-9621-E509003CA77F}.Release|Any CPU.Build.0 = Release|Any CPU
		{F97FE72C-0914-4AC7-BD13-95997D1E25BF}.Debug|Any CPU.ActiveCfg = Debug|Any CPU
		{F97FE72C-0914-4AC7-BD13-95997D1E25BF}.Debug|Any CPU.Build.0 = Debug|Any CPU
		{F97FE72C-0914-4AC7-BD13-95997D1E25BF}.Release|Any CPU.ActiveCfg = Release|Any CPU
		{F97FE72C-0914-4AC7-BD13-95997D1E25BF}.Release|Any CPU.Build.0 = Release|Any CPU
		{1D27972C-0019-402B-A1C6-615AD8B36F10}.Debug|Any CPU.ActiveCfg = Debug|Any CPU
		{1D27972C-0019-402B-A1C6-615AD8B36F10}.Debug|Any CPU.Build.0 = Debug|Any CPU
		{1D27972C-0019-402B-A1C6-615AD8B36F10}.Release|Any CPU.ActiveCfg = Release|Any CPU
		{1D27972C-0019-402B-A1C6-615AD8B36F10}.Release|Any CPU.Build.0 = Release|Any CPU
		{35717D1B-3E2F-4348-B59E-F6534787EACC}.Debug|Any CPU.ActiveCfg = Debug|Any CPU
		{35717D1B-3E2F-4348-B59E-F6534787EACC}.Debug|Any CPU.Build.0 = Debug|Any CPU
		{35717D1B-3E2F-4348-B59E-F6534787EACC}.Release|Any CPU.ActiveCfg = Release|Any CPU
		{35717D1B-3E2F-4348-B59E-F6534787EACC}.Release|Any CPU.Build.0 = Release|Any CPU
	EndGlobalSection
	GlobalSection(SolutionProperties) = preSolution
		HideSolutionNode = FALSE
	EndGlobalSection
	GlobalSection(NestedProjects) = preSolution
		{C75258EF-D558-41C2-9621-E509003CA77F} = {CBE28093-F90A-451D-A357-2E4DA70ACA4F}
		{F97FE72C-0914-4AC7-BD13-95997D1E25BF} = {CBE28093-F90A-451D-A357-2E4DA70ACA4F}
		{1D27972C-0019-402B-A1C6-615AD8B36F10} = {CBE28093-F90A-451D-A357-2E4DA70ACA4F}
		{35717D1B-3E2F-4348-B59E-F6534787EACC} = {CBE28093-F90A-451D-A357-2E4DA70ACA4F}
	EndGlobalSection
	GlobalSection(ExtensibilityGlobals) = postSolution
		SolutionGuid = {AF7C0CF7-8688-4A71-89D0-AF7459BD21C0}
	EndGlobalSection
EndGlobal
